{
  "name": "signalstory",
  "version": "0.1.0",
  "lockfileVersion": 3,
  "requires": true,
  "packages": {
    "": {
      "name": "signalstory",
      "version": "0.1.0",
      "license": "Apache-2.0",
      "workspaces": [
        "packages/*"
      ],
      "engines": {
        "node": ">=20"
      }
    },
    "node_modules/@signalstory/ansi": {
      "resolved": "packages/ansi",
      "link": true
    },
    "node_modules/@signalstory/core": {
      "resolved": "packages/core",
      "link": true
    },
    "node_modules/@signalstory/markdown": {
      "resolved": "packages/markdown",
      "link": true
    },
    "node_modules/@signalstory/react": {
      "resolved": "packages/react",
      "link": true
    },
    "node_modules/react": {
      "version": "19.2.7",
      "resolved": "https://registry.npmjs.org/react/-/react-19.2.7.tgz",
      "integrity": "sha512-HNe9WslTbXmFK8o8cmwgAeJFSBvt1bPdHCVKtaaV+WlAN36mpT4hcRpwbf3fY56ar2oIXzsBpOAiIRHAdY0OlQ==",
      "license": "MIT",
      "peer": true,
      "engines": {
        "node": ">=0.10.0"
      }
    },
    "packages/ansi": {
      "name": "@signalstory/ansi",
      "version": "0.1.0",
      "license": "Apache-2.0",
      "dependencies": {
        "@signalstory/core": "0.1.0"
      }
    },
    "packages/core": {
      "name": "@signalstory/core",
      "version": "0.1.0",
      "license": "Apache-2.0"
    },
    "packages/markdown": {
      "name": "@signalstory/markdown",
      "version": "0.1.0",
      "license": "Apache-2.0",
      "dependencies": {
        "@signalstory/core": "0.1.0"
      }
    },
    "packages/react": {
      "name": "@signalstory/react",
      "version": "0.1.0",
      "license": "Apache-2.0",
      "dependencies": {
        "@signalstory/core": "0.1.0"
      },
      "peerDependencies": {
        "react": ">=18"
      }
    }
  }
}
